<?xml version="1.0" encoding="utf-8"?>
<Project ToolsVersion="4.0" xmlns="http://schemas.microsoft.com/developer/msbuild/2003">
	<ItemGroup>
		<Filter Include="PGEMobileEngine">
			<UniqueIdentifier>{$ext_guid6$}</UniqueIdentifier>
		</Filter>
		<Filter Include="OLCPGEX">
			<UniqueIdentifier>{$ext_guid6$}</UniqueIdentifier>
		</Filter>
		<Filter Include="PGEMobileEngine\iOSOnly">
			<UniqueIdentifier>{$ext_guid6$}</UniqueIdentifier>
		</Filter>
		<Filter Include="PGEMobileEngine\iOSOnly\EGL">
			<UniqueIdentifier>{$ext_guid6$}</UniqueIdentifier>
		</Filter>
		<Filter Include="PGEMobileEngine\iOSOnly\KHR">
			<UniqueIdentifier>{$ext_guid6$}</UniqueIdentifier>
		</Filter>
	</ItemGroup>
	<ItemGroup>
		<ClInclude Include="$(MSBuildThisFileDirectory)miniaudio.h">
			<Filter>PGEMobileEngine</Filter>
		</ClInclude>
		<ClInclude Include="$(MSBuildThisFileDirectory)olcPixelGameEngine_Mobile.h">
			<Filter>PGEMobileEngine</Filter>
		</ClInclude>
		<ClInclude Include="$(MSBuildThisFileDirectory)sse2neon.h">
			<Filter>PGEMobileEngine</Filter>
		</ClInclude>
		<ClInclude Include="$(MSBuildThisFileDirectory)stb_image.h">
			<Filter>PGEMobileEngine</Filter>
		</ClInclude>
		<ClInclude Include="$(MSBuildThisFileDirectory)olcPGEX_MiniAudio.h">
			<Filter>OLCPGEX</Filter>
		</ClInclude>
		<ClInclude Include="$(MSBuildThisFileDirectory)EGL\egl.h">
			<Filter>PGEMobileEngine\iOSOnly\EGL</Filter>
		</ClInclude>
		<ClInclude Include="$(MSBuildThisFileDirectory)EGL\eglext.h">
			<Filter>PGEMobileEngine\iOSOnly\EGL</Filter>
		</ClInclude>
		<ClInclude Include="$(MSBuildThisFileDirectory)EGL\eglext_angle.h">
			<Filter>PGEMobileEngine\iOSOnly\EGL</Filter>
		</ClInclude>
		<ClInclude Include="$(MSBuildThisFileDirectory)EGL\eglplatform.h">
			<Filter>PGEMobileEngine\iOSOnly\EGL</Filter>
		</ClInclude>
		<ClInclude Include="$(MSBuildThisFileDirectory)EGL\Platform.h">
			<Filter>PGEMobileEngine\iOSOnly\EGL</Filter>
		</ClInclude>
		<ClInclude Include="$(MSBuildThisFileDirectory)KHR\khrplatform.h">
			<Filter>PGEMobileEngine\iOSOnly\KHR</Filter>
		</ClInclude>
		<ClInclude Include="$(MSBuildThisFileDirectory)ios_native_app_glue.h">
			<Filter>PGEMobileEngine\iOSOnly</Filter>
		</ClInclude>
	</ItemGroup>
	<ItemGroup>
		<ClCompile Include="$(MSBuildThisFileDirectory)main.cpp" />
	</ItemGroup>
</Project>